
Microsoft Visual Studio Solution File, Format Version 12.00
# Visual Studio Version 17
VisualStudioVersion = 17.10.35122.118
MinimumVisualStudioVersion = 10.0.40219.1
Project("{FAE04EC0-301F-11D3-BF4B-00C04F79EFBC}") = "WebApplication1", "WebApplication1\WebApplication1.csproj", "{B62AC65E-EC2D-4BCC-8B83-E2C60148192E}"
EndProject
Global
	GlobalSection(SolutionConfigurationPlatforms) = preSolution
		Debug|Any CPU = Debug|Any CPU
		Release|Any CPU = Release|Any CPU
	EndGlobalSection
	GlobalSection(ProjectConfigurationPlatforms) = postSolution
		{B62AC65E-EC2D-4BCC-8B83-E2C60148192E}.Debug|Any CPU.ActiveCfg = Debug|Any CPU
		{B62AC65E-EC2D-4BCC-8B83-E2C60148192E}.Debug|Any CPU.Build.0 = Debug|Any CPU
		{B62AC65E-EC2D-4BCC-8B83-E2C60148192E}.Release|Any CPU.ActiveCfg = Release|Any CPU
		{B62AC65E-EC2D-4BCC-8B83-E2C60148192E}.Release|Any CPU.Build.0 = Release|Any CPU
	EndGlobalSection
	GlobalSection(SolutionProperties) = preSolution
		HideSolutionNode = FALSE
	EndGlobalSection
	GlobalSection(ExtensibilityGlobals) = postSolution
		SolutionGuid = {AAA0385E-0D2C-46F1-8A44-CD3D140BCBC1}
	EndGlobalSection
EndGlobal
